
Microsoft Visual Studio Solution File, Format Version 12.00
Project("{2150E333-8FDC-42A3-9474-1A3956D46DE8}") = "Microservices", "Microservices", "{4DDF35B1-4B6C-4237-BD6F-1A0CC4F7F5DB}"
EndProject
Project("{2150E333-8FDC-42A3-9474-1A3956D46DE8}") = "Domain", "Domain", "{0585F22F-0D49-44EA-8D41-914A6A0CF577}"
EndProject
Project("{2150E333-8FDC-42A3-9474-1A3956D46DE8}") = "Infra.Bus", "Infra.Bus", "{492A1948-7591-4D1A-8A06-405C9929E3D4}"
EndProject
Project("{2150E333-8FDC-42A3-9474-1A3956D46DE8}") = "Infra.IoC", "Infra.IoC", "{5AB7C0A2-444A-42A0-9A5B-1374DB3DF1BA}"
EndProject
Project("{2150E333-8FDC-42A3-9474-1A3956D46DE8}") = "Presentation", "Presentation", "{57D5A1CC-E783-40B7-A741-F3528EB41A31}"
EndProject
Project("{FAE04EC0-301F-11D3-BF4B-00C04F79EFBC}") = "MicroRabbit.Domain.Core", "MicroRabbit.Domain.Core\MicroRabbit.Domain.Core.csproj", "{D40730D2-1AFA-45E8-AB51-16834B91F43D}"
EndProject
Project("{FAE04EC0-301F-11D3-BF4B-00C04F79EFBC}") = "MicroRabbit.Infra.Bus", "MicroRabbit.Infra.Bus\MicroRabbit.Infra.Bus.csproj", "{69B40104-03E2-4B5F-B532-E2516A165674}"
EndProject
Project("{FAE04EC0-301F-11D3-BF4B-00C04F79EFBC}") = "MicroRabbit.Infra.IoC", "MicroRabbit.Infra.IoC\MicroRabbit.Infra.IoC.csproj", "{16B6C882-8C34-4619-8167-71929C0A4A57}"
EndProject
Project("{2150E333-8FDC-42A3-9474-1A3956D46DE8}") = "Banking", "Banking", "{8F70EAAB-FCCD-489D-82AD-5CCE2FB1CF6E}"
EndProject
Project("{2150E333-8FDC-42A3-9474-1A3956D46DE8}") = "Api", "Api", "{388B6CD9-8DF4-490D-814B-AA090C9C39EF}"
EndProject
Project("{2150E333-8FDC-42A3-9474-1A3956D46DE8}") = "Domain", "Domain", "{1F396CE7-119C-4DA5-BCF8-C3F8CFC84552}"
EndProject
Project("{2150E333-8FDC-42A3-9474-1A3956D46DE8}") = "Application", "Application", "{1B5A5AEB-2E80-4430-84D7-21582969FE87}"
EndProject
Project("{2150E333-8FDC-42A3-9474-1A3956D46DE8}") = "Data", "Data", "{054688A2-68B5-4A44-A51B-FA1E2945263B}"
EndProject
Project("{FAE04EC0-301F-11D3-BF4B-00C04F79EFBC}") = "MicroRabbit.Banking.Api", "MicroRabbit.Banking.Api\MicroRabbit.Banking.Api.csproj", "{859A846B-BE3F-4765-8663-F805F7FB006E}"
EndProject
Project("{FAE04EC0-301F-11D3-BF4B-00C04F79EFBC}") = "MicroRabbit.Banking.Application", "MicroRabbit.Banking.Application\MicroRabbit.Banking.Application.csproj", "{02162055-B7B1-4BD5-B9A1-745513B8D1B9}"
EndProject
Project("{FAE04EC0-301F-11D3-BF4B-00C04F79EFBC}") = "MicroRabbit.Banking.Data", "MicroRabbit.Banking.Data\MicroRabbit.Banking.Data.csproj", "{D95D5C39-EBDC-4605-B89E-4ECB07DCC7BB}"
EndProject
Project("{FAE04EC0-301F-11D3-BF4B-00C04F79EFBC}") = "MicroRabbit.Banking.Domain", "MicroRabbit.Banking.Domain\MicroRabbit.Banking.Domain.csproj", "{AE3F721B-8527-4243-A79B-BD8883801C60}"
EndProject
Project("{2150E333-8FDC-42A3-9474-1A3956D46DE8}") = "Transfer", "Transfer", "{DA2A4346-B475-48EE-92B6-85A51F5557FE}"
EndProject
Project("{2150E333-8FDC-42A3-9474-1A3956D46DE8}") = "Api", "Api", "{DDE2C183-E6F4-45D0-BF85-0E79BBC2A018}"
EndProject
Project("{2150E333-8FDC-42A3-9474-1A3956D46DE8}") = "Application", "Application", "{2A21D107-D764-4352-9C9E-24040E41CC46}"
EndProject
Project("{2150E333-8FDC-42A3-9474-1A3956D46DE8}") = "Data", "Data", "{DE1C5967-0C6C-4725-81F3-9C21886BC80D}"
EndProject
Project("{2150E333-8FDC-42A3-9474-1A3956D46DE8}") = "Domain", "Domain", "{C6CC4C19-EF87-49AA-AEF8-D26FCD4339E7}"
EndProject
Project("{FAE04EC0-301F-11D3-BF4B-00C04F79EFBC}") = "MicroRabbit.Transfer.Api", "MicroRabbit.Transfer.Api\MicroRabbit.Transfer.Api.csproj", "{F7C5BFC5-A807-4C29-8D06-7789C97A95C2}"
EndProject
Project("{FAE04EC0-301F-11D3-BF4B-00C04F79EFBC}") = "MicroRabbit.Transfer.Application", "MicroRabbit.Transfer.Application\MicroRabbit.Transfer.Application.csproj", "{342988BF-9C7D-4121-A87B-F681C51E43D5}"
EndProject
Project("{FAE04EC0-301F-11D3-BF4B-00C04F79EFBC}") = "MicroRabbit.Transfer.Data", "MicroRabbit.Transfer.Data\MicroRabbit.Transfer.Data.csproj", "{78021A70-990D-4AD6-B899-45D99D36C541}"
EndProject
Project("{FAE04EC0-301F-11D3-BF4B-00C04F79EFBC}") = "MicroRabbit.Transfer.Domain", "MicroRabbit.Transfer.Domain\MicroRabbit.Transfer.Domain.csproj", "{272ECECD-414E-4F97-9B9B-9CCB2818ADBC}"
EndProject
Project("{FAE04EC0-301F-11D3-BF4B-00C04F79EFBC}") = "MicroRabbit.MVC", "MicroRabbit.MVC\MicroRabbit.MVC.csproj", "{7D6CCD93-03BA-42DB-9AF0-DA40F24630D2}"
EndProject
Global
	GlobalSection(SolutionConfigurationPlatforms) = preSolution
		Debug|Any CPU = Debug|Any CPU
		Release|Any CPU = Release|Any CPU
	EndGlobalSection
	GlobalSection(NestedProjects) = preSolution
		{D40730D2-1AFA-45E8-AB51-16834B91F43D} = {0585F22F-0D49-44EA-8D41-914A6A0CF577}
		{69B40104-03E2-4B5F-B532-E2516A165674} = {492A1948-7591-4D1A-8A06-405C9929E3D4}
		{16B6C882-8C34-4619-8167-71929C0A4A57} = {5AB7C0A2-444A-42A0-9A5B-1374DB3DF1BA}
		{8F70EAAB-FCCD-489D-82AD-5CCE2FB1CF6E} = {4DDF35B1-4B6C-4237-BD6F-1A0CC4F7F5DB}
		{388B6CD9-8DF4-490D-814B-AA090C9C39EF} = {8F70EAAB-FCCD-489D-82AD-5CCE2FB1CF6E}
		{1F396CE7-119C-4DA5-BCF8-C3F8CFC84552} = {8F70EAAB-FCCD-489D-82AD-5CCE2FB1CF6E}
		{1B5A5AEB-2E80-4430-84D7-21582969FE87} = {8F70EAAB-FCCD-489D-82AD-5CCE2FB1CF6E}
		{054688A2-68B5-4A44-A51B-FA1E2945263B} = {8F70EAAB-FCCD-489D-82AD-5CCE2FB1CF6E}
		{859A846B-BE3F-4765-8663-F805F7FB006E} = {388B6CD9-8DF4-490D-814B-AA090C9C39EF}
		{02162055-B7B1-4BD5-B9A1-745513B8D1B9} = {1B5A5AEB-2E80-4430-84D7-21582969FE87}
		{D95D5C39-EBDC-4605-B89E-4ECB07DCC7BB} = {054688A2-68B5-4A44-A51B-FA1E2945263B}
		{AE3F721B-8527-4243-A79B-BD8883801C60} = {1F396CE7-119C-4DA5-BCF8-C3F8CFC84552}
		{DA2A4346-B475-48EE-92B6-85A51F5557FE} = {4DDF35B1-4B6C-4237-BD6F-1A0CC4F7F5DB}
		{DDE2C183-E6F4-45D0-BF85-0E79BBC2A018} = {DA2A4346-B475-48EE-92B6-85A51F5557FE}
		{2A21D107-D764-4352-9C9E-24040E41CC46} = {DA2A4346-B475-48EE-92B6-85A51F5557FE}
		{DE1C5967-0C6C-4725-81F3-9C21886BC80D} = {DA2A4346-B475-48EE-92B6-85A51F5557FE}
		{C6CC4C19-EF87-49AA-AEF8-D26FCD4339E7} = {DA2A4346-B475-48EE-92B6-85A51F5557FE}
		{F7C5BFC5-A807-4C29-8D06-7789C97A95C2} = {DDE2C183-E6F4-45D0-BF85-0E79BBC2A018}
		{342988BF-9C7D-4121-A87B-F681C51E43D5} = {2A21D107-D764-4352-9C9E-24040E41CC46}
		{78021A70-990D-4AD6-B899-45D99D36C541} = {DE1C5967-0C6C-4725-81F3-9C21886BC80D}
		{272ECECD-414E-4F97-9B9B-9CCB2818ADBC} = {C6CC4C19-EF87-49AA-AEF8-D26FCD4339E7}
		{7D6CCD93-03BA-42DB-9AF0-DA40F24630D2} = {57D5A1CC-E783-40B7-A741-F3528EB41A31}
	EndGlobalSection
	GlobalSection(ProjectConfigurationPlatforms) = postSolution
		{D40730D2-1AFA-45E8-AB51-16834B91F43D}.Debug|Any CPU.ActiveCfg = Debug|Any CPU
		{D40730D2-1AFA-45E8-AB51-16834B91F43D}.Debug|Any CPU.Build.0 = Debug|Any CPU
		{D40730D2-1AFA-45E8-AB51-16834B91F43D}.Release|Any CPU.ActiveCfg = Release|Any CPU
		{D40730D2-1AFA-45E8-AB51-16834B91F43D}.Release|Any CPU.Build.0 = Release|Any CPU
		{69B40104-03E2-4B5F-B532-E2516A165674}.Debug|Any CPU.ActiveCfg = Debug|Any CPU
		{69B40104-03E2-4B5F-B532-E2516A165674}.Debug|Any CPU.Build.0 = Debug|Any CPU
		{69B40104-03E2-4B5F-B532-E2516A165674}.Release|Any CPU.ActiveCfg = Release|Any CPU
		{69B40104-03E2-4B5F-B532-E2516A165674}.Release|Any CPU.Build.0 = Release|Any CPU
		{16B6C882-8C34-4619-8167-71929C0A4A57}.Debug|Any CPU.ActiveCfg = Debug|Any CPU
		{16B6C882-8C34-4619-8167-71929C0A4A57}.Debug|Any CPU.Build.0 = Debug|Any CPU
		{16B6C882-8C34-4619-8167-71929C0A4A57}.Release|Any CPU.ActiveCfg = Release|Any CPU
		{16B6C882-8C34-4619-8167-71929C0A4A57}.Release|Any CPU.Build.0 = Release|Any CPU
		{859A846B-BE3F-4765-8663-F805F7FB006E}.Debug|Any CPU.ActiveCfg = Debug|Any CPU
		{859A846B-BE3F-4765-8663-F805F7FB006E}.Debug|Any CPU.Build.0 = Debug|Any CPU
		{859A846B-BE3F-4765-8663-F805F7FB006E}.Release|Any CPU.ActiveCfg = Release|Any CPU
		{859A846B-BE3F-4765-8663-F805F7FB006E}.Release|Any CPU.Build.0 = Release|Any CPU
		{02162055-B7B1-4BD5-B9A1-745513B8D1B9}.Debug|Any CPU.ActiveCfg = Debug|Any CPU
		{02162055-B7B1-4BD5-B9A1-745513B8D1B9}.Debug|Any CPU.Build.0 = Debug|Any CPU
		{02162055-B7B1-4BD5-B9A1-745513B8D1B9}.Release|Any CPU.ActiveCfg = Release|Any CPU
		{02162055-B7B1-4BD5-B9A1-745513B8D1B9}.Release|Any CPU.Build.0 = Release|Any CPU
		{D95D5C39-EBDC-4605-B89E-4ECB07DCC7BB}.Debug|Any CPU.ActiveCfg = Debug|Any CPU
		{D95D5C39-EBDC-4605-B89E-4ECB07DCC7BB}.Debug|Any CPU.Build.0 = Debug|Any CPU
		{D95D5C39-EBDC-4605-B89E-4ECB07DCC7BB}.Release|Any CPU.ActiveCfg = Release|Any CPU
		{D95D5C39-EBDC-4605-B89E-4ECB07DCC7BB}.Release|Any CPU.Build.0 = Release|Any CPU
		{AE3F721B-8527-4243-A79B-BD8883801C60}.Debug|Any CPU.ActiveCfg = Debug|Any CPU
		{AE3F721B-8527-4243-A79B-BD8883801C60}.Debug|Any CPU.Build.0 = Debug|Any CPU
		{AE3F721B-8527-4243-A79B-BD8883801C60}.Release|Any CPU.ActiveCfg = Release|Any CPU
		{AE3F721B-8527-4243-A79B-BD8883801C60}.Release|Any CPU.Build.0 = Release|Any CPU
		{F7C5BFC5-A807-4C29-8D06-7789C97A95C2}.Debug|Any CPU.ActiveCfg = Debug|Any CPU
		{F7C5BFC5-A807-4C29-8D06-7789C97A95C2}.Debug|Any CPU.Build.0 = Debug|Any CPU
		{F7C5BFC5-A807-4C29-8D06-7789C97A95C2}.Release|Any CPU.ActiveCfg = Release|Any CPU
		{F7C5BFC5-A807-4C29-8D06-7789C97A95C2}.Release|Any CPU.Build.0 = Release|Any CPU
		{342988BF-9C7D-4121-A87B-F681C51E43D5}.Debug|Any CPU.ActiveCfg = Debug|Any CPU
		{342988BF-9C7D-4121-A87B-F681C51E43D5}.Debug|Any CPU.Build.0 = Debug|Any CPU
		{342988BF-9C7D-4121-A87B-F681C51E43D5}.Release|Any CPU.ActiveCfg = Release|Any CPU
		{342988BF-9C7D-4121-A87B-F681C51E43D5}.Release|Any CPU.Build.0 = Release|Any CPU
		{78021A70-990D-4AD6-B899-45D99D36C541}.Debug|Any CPU.ActiveCfg = Debug|Any CPU
		{78021A70-990D-4AD6-B899-45D99D36C541}.Debug|Any CPU.Build.0 = Debug|Any CPU
		{78021A70-990D-4AD6-B899-45D99D36C541}.Release|Any CPU.ActiveCfg = Release|Any CPU
		{78021A70-990D-4AD6-B899-45D99D36C541}.Release|Any CPU.Build.0 = Release|Any CPU
		{272ECECD-414E-4F97-9B9B-9CCB2818ADBC}.Debug|Any CPU.ActiveCfg = Debug|Any CPU
		{272ECECD-414E-4F97-9B9B-9CCB2818ADBC}.Debug|Any CPU.Build.0 = Debug|Any CPU
		{272ECECD-414E-4F97-9B9B-9CCB2818ADBC}.Release|Any CPU.ActiveCfg = Release|Any CPU
		{272ECECD-414E-4F97-9B9B-9CCB2818ADBC}.Release|Any CPU.Build.0 = Release|Any CPU
		{7D6CCD93-03BA-42DB-9AF0-DA40F24630D2}.Debug|Any CPU.ActiveCfg = Debug|Any CPU
		{7D6CCD93-03BA-42DB-9AF0-DA40F24630D2}.Debug|Any CPU.Build.0 = Debug|Any CPU
		{7D6CCD93-03BA-42DB-9AF0-DA40F24630D2}.Release|Any CPU.ActiveCfg = Release|Any CPU
		{7D6CCD93-03BA-42DB-9AF0-DA40F24630D2}.Release|Any CPU.Build.0 = Release|Any CPU
	EndGlobalSection
EndGlobal
